
Microsoft Visual Studio Solution File, Format Version 11.00
# Visual Studio 2010
Project("{FAE04EC0-301F-11D3-BF4B-00C04F79EFBC}") = "PerformanceMapNeuron", "PerformanceMapNeuron.csproj", "{41E5BCCA-715D-4908-9450-592C8AFA7912}"
EndProject
Project("{2150E333-8FDC-42A3-9474-1A3956D46DE8}") = "Solution Items", "Solution Items", "{614CD364-861B-4A41-9E8D-9CC777111A79}"
	ProjectSection(SolutionItems) = preProject
		Performance1.psess = Performance1.psess
	EndProjectSection
EndProject
Global
	GlobalSection(SolutionConfigurationPlatforms) = preSolution
		Debug|x64 = Debug|x64
		Debug|x86 = Debug|x86
		Release|x64 = Release|x64
		Release|x86 = Release|x86
	EndGlobalSection
	GlobalSection(ProjectConfigurationPlatforms) = postSolution
		{41E5BCCA-715D-4908-9450-592C8AFA7912}.Debug|x64.ActiveCfg = Debug|x64
		{41E5BCCA-715D-4908-9450-592C8AFA7912}.Debug|x64.Build.0 = Debug|x64
		{41E5BCCA-715D-4908-9450-592C8AFA7912}.Debug|x86.ActiveCfg = Debug|x86
		{41E5BCCA-715D-4908-9450-592C8AFA7912}.Debug|x86.Build.0 = Debug|x86
		{41E5BCCA-715D-4908-9450-592C8AFA7912}.Release|x64.ActiveCfg = Release|x64
		{41E5BCCA-715D-4908-9450-592C8AFA7912}.Release|x64.Build.0 = Release|x64
		{41E5BCCA-715D-4908-9450-592C8AFA7912}.Release|x86.ActiveCfg = Release|x86
		{41E5BCCA-715D-4908-9450-592C8AFA7912}.Release|x86.Build.0 = Release|x86
	EndGlobalSection
	GlobalSection(SolutionProperties) = preSolution
		HideSolutionNode = FALSE
	EndGlobalSection
EndGlobal
